// !$*UTF8*$!
{
	archiveVersion = 1;
	classes = {
	};
	objectVersion = 56;
	objects = {

/* Begin PBXBuildFile section */
		2FFE0E782C1F5C2500A6E6CD /* FitbodTakeHomeAssessmentApp.swift in Sources */ = {isa = PBXBuildFile; fileRef = 2FFE0E772C1F5C2500A6E6CD /* FitbodTakeHomeAssessmentApp.swift */; };
		2FFE0E7C2C1F5C2700A6E6CD /* Assets.xcassets in Resources */ = {isa = PBXBuildFile; fileRef = 2FFE0E7B2C1F5C2700A6E6CD /* Assets.xcassets */; };
		2FFE0E7F2C1F5C2700A6E6CD /* Preview Assets.xcassets in Resources */ = {isa = PBXBuildFile; fileRef = 2FFE0E7E2C1F5C2700A6E6CD /* Preview Assets.xcassets */; };
		2FFE0E892C1F5C2700A6E6CD /* FitbodTakeHomeAssessmentTests.swift in Sources */ = {isa = PBXBuildFile; fileRef = 2FFE0E882C1F5C2700A6E6CD /* FitbodTakeHomeAssessmentTests.swift */; };
		2FFE0E932C1F5C2700A6E6CD /* FitbodTakeHomeAssessmentUITests.swift in Sources */ = {isa = PBXBuildFile; fileRef = 2FFE0E922C1F5C2700A6E6CD /* FitbodTakeHomeAssessmentUITests.swift */; };
		2FFE0E952C1F5C2700A6E6CD /* FitbodTakeHomeAssessmentUITestsLaunchTests.swift in Sources */ = {isa = PBXBuildFile; fileRef = 2FFE0E942C1F5C2700A6E6CD /* FitbodTakeHomeAssessmentUITestsLaunchTests.swift */; };
		2FFE0EAC2C1F6AFC00A6E6CD /* NetworkService.swift in Sources */ = {isa = PBXBuildFile; fileRef = 2FFE0EAB2C1F6AFC00A6E6CD /* NetworkService.swift */; };
		2FFE0EB12C1F6B3800A6E6CD /* Networking in Frameworks */ = {isa = PBXBuildFile; productRef = 2FFE0EB02C1F6B3800A6E6CD /* Networking */; };
		2FFE0EB42C1F817700A6E6CD /* ExerciseUI in Frameworks */ = {isa = PBXBuildFile; productRef = 2FFE0EB32C1F817700A6E6CD /* ExerciseUI */; };
/* End PBXBuildFile section */

/* Begin PBXContainerItemProxy section */
		2FFE0E852C1F5C2700A6E6CD /* PBXContainerItemProxy */ = {
			isa = PBXContainerItemProxy;
			containerPortal = 2FFE0E6C2C1F5C2500A6E6CD /* Project object */;
			proxyType = 1;
			remoteGlobalIDString = 2FFE0E732C1F5C2500A6E6CD;
			remoteInfo = FitbodTakeHomeAssessment;
		};
		2FFE0E8F2C1F5C2700A6E6CD /* PBXContainerItemProxy */ = {
			isa = PBXContainerItemProxy;
			containerPortal = 2FFE0E6C2C1F5C2500A6E6CD /* Project object */;
			proxyType = 1;
			remoteGlobalIDString = 2FFE0E732C1F5C2500A6E6CD;
			remoteInfo = FitbodTakeHomeAssessment;
		};
/* End PBXContainerItemProxy section */

/* Begin PBXFileReference section */
		2FFE0E742C1F5C2500A6E6CD /* FitbodTakeHomeAssessment.app */ = {isa = PBXFileReference; explicitFileType = wrapper.application; includeInIndex = 0; path = FitbodTakeHomeAssessment.app; sourceTree = BUILT_PRODUCTS_DIR; };
		2FFE0E772C1F5C2500A6E6CD /* FitbodTakeHomeAssessmentApp.swift */ = {isa = PBXFileReference; lastKnownFileType = sourcecode.swift; path = FitbodTakeHomeAssessmentApp.swift; sourceTree = "<group>"; };
		2FFE0E7B2C1F5C2700A6E6CD /* Assets.xcassets */ = {isa = PBXFileReference; lastKnownFileType = folder.assetcatalog; path = Assets.xcassets; sourceTree = "<group>"; };
		2FFE0E7E2C1F5C2700A6E6CD /* Preview Assets.xcassets */ = {isa = PBXFileReference; lastKnownFileType = folder.assetcatalog; path = "Preview Assets.xcassets"; sourceTree = "<group>"; };
		2FFE0E842C1F5C2700A6E6CD /* FitbodTakeHomeAssessmentTests.xctest */ = {isa = PBXFileReference; explicitFileType = wrapper.cfbundle; includeInIndex = 0; path = FitbodTakeHomeAssessmentTests.xctest; sourceTree = BUILT_PRODUCTS_DIR; };
		2FFE0E882C1F5C2700A6E6CD /* FitbodTakeHomeAssessmentTests.swift */ = {isa = PBXFileReference; lastKnownFileType = sourcecode.swift; path = FitbodTakeHomeAssessmentTests.swift; sourceTree = "<group>"; };
		2FFE0E8E2C1F5C2700A6E6CD /* FitbodTakeHomeAssessmentUITests.xctest */ = {isa = PBXFileReference; explicitFileType = wrapper.cfbundle; includeInIndex = 0; path = FitbodTakeHomeAssessmentUITests.xctest; sourceTree = BUILT_PRODUCTS_DIR; };
		2FFE0E922C1F5C2700A6E6CD /* FitbodTakeHomeAssessmentUITests.swift */ = {isa = PBXFileReference; lastKnownFileType = sourcecode.swift; path = FitbodTakeHomeAssessmentUITests.swift; sourceTree = "<group>"; };
		2FFE0E942C1F5C2700A6E6CD /* FitbodTakeHomeAssessmentUITestsLaunchTests.swift */ = {isa = PBXFileReference; lastKnownFileType = sourcecode.swift; path = FitbodTakeHomeAssessmentUITestsLaunchTests.swift; sourceTree = "<group>"; };
		2FFE0EA82C1F61B900A6E6CD /* Networking */ = {isa = PBXFileReference; lastKnownFileType = wrapper; path = Networking; sourceTree = "<group>"; };
		2FFE0EAB2C1F6AFC00A6E6CD /* NetworkService.swift */ = {isa = PBXFileReference; lastKnownFileType = sourcecode.swift; path = NetworkService.swift; sourceTree = "<group>"; };
		2FFE0EB22C1F74E700A6E6CD /* ExerciseUI */ = {isa = PBXFileReference; lastKnownFileType = wrapper; path = ExerciseUI; sourceTree = "<group>"; };
		2FFE0EBB2C20060400A6E6CD /* Domain */ = {isa = PBXFileReference; lastKnownFileType = wrapper; path = Domain; sourceTree = "<group>"; };
/* End PBXFileReference section */

/* Begin PBXFrameworksBuildPhase section */
		2FFE0E712C1F5C2500A6E6CD /* Frameworks */ = {
			isa = PBXFrameworksBuildPhase;
			buildActionMask = 2147483647;
			files = (
				2FFE0EB12C1F6B3800A6E6CD /* Networking in Frameworks */,
				2FFE0EB42C1F817700A6E6CD /* ExerciseUI in Frameworks */,
			);
			runOnlyForDeploymentPostprocessing = 0;
		};
		2FFE0E812C1F5C2700A6E6CD /* Frameworks */ = {
			isa = PBXFrameworksBuildPhase;
			buildActionMask = 2147483647;
			files = (
			);
			runOnlyForDeploymentPostprocessing = 0;
		};
		2FFE0E8B2C1F5C2700A6E6CD /* Frameworks */ = {
			isa = PBXFrameworksBuildPhase;
			buildActionMask = 2147483647;
			files = (
			);
			runOnlyForDeploymentPostprocessing = 0;
		};
/* End PBXFrameworksBuildPhase section */

/* Begin PBXGroup section */
		2FFE0E6B2C1F5C2500A6E6CD = {
			isa = PBXGroup;
			children = (
				2FFE0EA52C1F5FE700A6E6CD /* Packages */,
				2FFE0E762C1F5C2500A6E6CD /* FitbodTakeHomeAssessment */,
				2FFE0E872C1F5C2700A6E6CD /* FitbodTakeHomeAssessmentTests */,
				2FFE0E912C1F5C2700A6E6CD /* FitbodTakeHomeAssessmentUITests */,
				2FFE0E752C1F5C2500A6E6CD /* Products */,
				2FFE0EAD2C1F6B3200A6E6CD /* Frameworks */,
			);
			sourceTree = "<group>";
		};
		2FFE0E752C1F5C2500A6E6CD /* Products */ = {
			isa = PBXGroup;
			children = (
				2FFE0E742C1F5C2500A6E6CD /* FitbodTakeHomeAssessment.app */,
				2FFE0E842C1F5C2700A6E6CD /* FitbodTakeHomeAssessmentTests.xctest */,
				2FFE0E8E2C1F5C2700A6E6CD /* FitbodTakeHomeAssessmentUITests.xctest */,
			);
			name = Products;
			sourceTree = "<group>";
		};
		2FFE0E762C1F5C2500A6E6CD /* FitbodTakeHomeAssessment */ = {
			isa = PBXGroup;
			children = (
				2FFE0EAA2C1F6AE500A6E6CD /* Services */,
				2FFE0E772C1F5C2500A6E6CD /* FitbodTakeHomeAssessmentApp.swift */,
				2FFE0E7B2C1F5C2700A6E6CD /* Assets.xcassets */,
				2FFE0E7D2C1F5C2700A6E6CD /* Preview Content */,
			);
			path = FitbodTakeHomeAssessment;
			sourceTree = "<group>";
		};
		2FFE0E7D2C1F5C2700A6E6CD /* Preview Content */ = {
			isa = PBXGroup;
			children = (
				2FFE0E7E2C1F5C2700A6E6CD /* Preview Assets.xcassets */,
			);
			path = "Preview Content";
			sourceTree = "<group>";
		};
		2FFE0E872C1F5C2700A6E6CD /* FitbodTakeHomeAssessmentTests */ = {
			isa = PBXGroup;
			children = (
				2FFE0E882C1F5C2700A6E6CD /* FitbodTakeHomeAssessmentTests.swift */,
			);
			path = FitbodTakeHomeAssessmentTests;
			sourceTree = "<group>";
		};
		2FFE0E912C1F5C2700A6E6CD /* FitbodTakeHomeAssessmentUITests */ = {
			isa = PBXGroup;
			children = (
				2FFE0E922C1F5C2700A6E6CD /* FitbodTakeHomeAssessmentUITests.swift */,
				2FFE0E942C1F5C2700A6E6CD /* FitbodTakeHomeAssessmentUITestsLaunchTests.swift */,
			);
			path = FitbodTakeHomeAssessmentUITests;
			sourceTree = "<group>";
		};
		2FFE0EA52C1F5FE700A6E6CD /* Packages */ = {
			isa = PBXGroup;
			children = (
				2FFE0EBB2C20060400A6E6CD /* Domain */,
				2FFE0EB22C1F74E700A6E6CD /* ExerciseUI */,
				2FFE0EA82C1F61B900A6E6CD /* Networking */,
			);
			path = Packages;
			sourceTree = "<group>";
		};
		2FFE0EAA2C1F6AE500A6E6CD /* Services */ = {
			isa = PBXGroup;
			children = (
				2FFE0EAB2C1F6AFC00A6E6CD /* NetworkService.swift */,
			);
			path = Services;
			sourceTree = "<group>";
		};
		2FFE0EAD2C1F6B3200A6E6CD /* Frameworks */ = {
			isa = PBXGroup;
			children = (
			);
			name = Frameworks;
			sourceTree = "<group>";
		};
/* End PBXGroup section */

/* Begin PBXNativeTarget section */
		2FFE0E732C1F5C2500A6E6CD /* FitbodTakeHomeAssessment */ = {
			isa = PBXNativeTarget;
			buildConfigurationList = 2FFE0E982C1F5C2700A6E6CD /* Build configuration list for PBXNativeTarget "FitbodTakeHomeAssessment" */;
			buildPhases = (
				2FFE0E702C1F5C2500A6E6CD /* Sources */,
				2FFE0E712C1F5C2500A6E6CD /* Frameworks */,
				2FFE0E722C1F5C2500A6E6CD /* Resources */,
			);
			buildRules = (
			);
			dependencies = (
			);
			name = FitbodTakeHomeAssessment;
			packageProductDependencies = (
				2FFE0EB02C1F6B3800A6E6CD /* Networking */,
				2FFE0EB32C1F817700A6E6CD /* ExerciseUI */,
			);
			productName = FitbodTakeHomeAssessment;
			productReference = 2FFE0E742C1F5C2500A6E6CD /* FitbodTakeHomeAssessment.app */;
			productType = "com.apple.product-type.application";
		};
		2FFE0E832C1F5C2700A6E6CD /* FitbodTakeHomeAssessmentTests */ = {
			isa = PBXNativeTarget;
			buildConfigurationList = 2FFE0E9B2C1F5C2700A6E6CD /* Build configuration list for PBXNativeTarget "FitbodTakeHomeAssessmentTests" */;
			buildPhases = (
				2FFE0E802C1F5C2700A6E6CD /* Sources */,
				2FFE0E812C1F5C2700A6E6CD /* Frameworks */,
				2FFE0E822C1F5C2700A6E6CD /* Resources */,
			);
			buildRules = (
			);
			dependencies = (
				2FFE0E862C1F5C2700A6E6CD /* PBXTargetDependency */,
			);
			name = FitbodTakeHomeAssessmentTests;
			productName = FitbodTakeHomeAssessmentTests;
			productReference = 2FFE0E842C1F5C2700A6E6CD /* FitbodTakeHomeAssessmentTests.xctest */;
			productType = "com.apple.product-type.bundle.unit-test";
		};
		2FFE0E8D2C1F5C2700A6E6CD /* FitbodTakeHomeAssessmentUITests */ = {
			isa = PBXNativeTarget;
			buildConfigurationList = 2FFE0E9E2C1F5C2700A6E6CD /* Build configuration list for PBXNativeTarget "FitbodTakeHomeAssessmentUITests" */;
			buildPhases = (
				2FFE0E8A2C1F5C2700A6E6CD /* Sources */,
				2FFE0E8B2C1F5C2700A6E6CD /* Frameworks */,
				2FFE0E8C2C1F5C2700A6E6CD /* Resources */,
			);
			buildRules = (
			);
			dependencies = (
				2FFE0E902C1F5C2700A6E6CD /* PBXTargetDependency */,
			);
			name = FitbodTakeHomeAssessmentUITests;
			productName = FitbodTakeHomeAssessmentUITests;
			productReference = 2FFE0E8E2C1F5C2700A6E6CD /* FitbodTakeHomeAssessmentUITests.xctest */;
			productType = "com.apple.product-type.bundle.ui-testing";
		};
/* End PBXNativeTarget section */

/* Begin PBXProject section */
		2FFE0E6C2C1F5C2500A6E6CD /* Project object */ = {
			isa = PBXProject;
			attributes = {
				BuildIndependentTargetsInParallel = 1;
				LastSwiftUpdateCheck = 1520;
				LastUpgradeCheck = 1520;
				TargetAttributes = {
					2FFE0E732C1F5C2500A6E6CD = {
						CreatedOnToolsVersion = 15.2;
					};
					2FFE0E832C1F5C2700A6E6CD = {
						CreatedOnToolsVersion = 15.2;
						TestTargetID = 2FFE0E732C1F5C2500A6E6CD;
					};
					2FFE0E8D2C1F5C2700A6E6CD = {
						CreatedOnToolsVersion = 15.2;
						TestTargetID = 2FFE0E732C1F5C2500A6E6CD;
					};
				};
			};
			buildConfigurationList = 2FFE0E6F2C1F5C2500A6E6CD /* Build configuration list for PBXProject "FitbodTakeHomeAssessment" */;
			compatibilityVersion = "Xcode 14.0";
			developmentRegion = en;
			hasScannedForEncodings = 0;
			knownRegions = (
				en,
				Base,
			);
			mainGroup = 2FFE0E6B2C1F5C2500A6E6CD;
			productRefGroup = 2FFE0E752C1F5C2500A6E6CD /* Products */;
			projectDirPath = "";
			projectRoot = "";
			targets = (
				2FFE0E732C1F5C2500A6E6CD /* FitbodTakeHomeAssessment */,
				2FFE0E832C1F5C2700A6E6CD /* FitbodTakeHomeAssessmentTests */,
				2FFE0E8D2C1F5C2700A6E6CD /* FitbodTakeHomeAssessmentUITests */,
			);
		};
/* End PBXProject section */

/* Begin PBXResourcesBuildPhase section */
		2FFE0E722C1F5C2500A6E6CD /* Resources */ = {
			isa = PBXResourcesBuildPhase;
			buildActionMask = 2147483647;
			files = (
				2FFE0E7F2C1F5C2700A6E6CD /* Preview Assets.xcassets in Resources */,
				2FFE0E7C2C1F5C2700A6E6CD /* Assets.xcassets in Resources */,
			);
			runOnlyForDeploymentPostprocessing = 0;
		};
		2FFE0E822C1F5C2700A6E6CD /* Resources */ = {
			isa = PBXResourcesBuildPhase;
			buildActionMask = 2147483647;
			files = (
			);
			runOnlyForDeploymentPostprocessing = 0;
		};
		2FFE0E8C2C1F5C2700A6E6CD /* Resources */ = {
			isa = PBXResourcesBuildPhase;
			buildActionMask = 2147483647;
			files = (
			);
			runOnlyForDeploymentPostprocessing = 0;
		};
/* End PBXResourcesBuildPhase section */

/* Begin PBXSourcesBuildPhase section */
		2FFE0E702C1F5C2500A6E6CD /* Sources */ = {
			isa = PBXSourcesBuildPhase;
			buildActionMask = 2147483647;
			files = (
				2FFE0EAC2C1F6AFC00A6E6CD /* NetworkService.swift in Sources */,
				2FFE0E782C1F5C2500A6E6CD /* FitbodTakeHomeAssessmentApp.swift in Sources */,
			);
			runOnlyForDeploymentPostprocessing = 0;
		};
		2FFE0E802C1F5C2700A6E6CD /* Sources */ = {
			isa = PBXSourcesBuildPhase;
			buildActionMask = 2147483647;
			files = (
				2FFE0E892C1F5C2700A6E6CD /* FitbodTakeHomeAssessmentTests.swift in Sources */,
			);
			runOnlyForDeploymentPostprocessing = 0;
		};
		2FFE0E8A2C1F5C2700A6E6CD /* Sources */ = {
			isa = PBXSourcesBuildPhase;
			buildActionMask = 2147483647;
			files = (
				2FFE0E952C1F5C2700A6E6CD /* FitbodTakeHomeAssessmentUITestsLaunchTests.swift in Sources */,
				2FFE0E932C1F5C2700A6E6CD /* FitbodTakeHomeAssessmentUITests.swift in Sources */,
			);
			runOnlyForDeploymentPostprocessing = 0;
		};
/* End PBXSourcesBuildPhase section */

/* Begin PBXTargetDependency section */
		2FFE0E862C1F5C2700A6E6CD /* PBXTargetDependency */ = {
			isa = PBXTargetDependency;
			target = 2FFE0E732C1F5C2500A6E6CD /* FitbodTakeHomeAssessment */;
			targetProxy = 2FFE0E852C1F5C2700A6E6CD /* PBXContainerItemProxy */;
		};
		2FFE0E902C1F5C2700A6E6CD /* PBXTargetDependency */ = {
			isa = PBXTargetDependency;
			target = 2FFE0E732C1F5C2500A6E6CD /* FitbodTakeHomeAssessment */;
			targetProxy = 2FFE0E8F2C1F5C2700A6E6CD /* PBXContainerItemProxy */;
		};
/* End PBXTargetDependency section */

/* Begin XCBuildConfiguration section */
		2FFE0E962C1F5C2700A6E6CD /* Debug */ = {
			isa = XCBuildConfiguration;
			buildSettings = {
				ALWAYS_SEARCH_USER_PATHS = NO;
				ASSETCATALOG_COMPILER_GENERATE_SWIFT_ASSET_SYMBOL_EXTENSIONS = YES;
				CLANG_ANALYZER_NONNULL = YES;
				CLANG_ANALYZER_NUMBER_OBJECT_CONVERSION = YES_AGGRESSIVE;
				CLANG_CXX_LANGUAGE_STANDARD = "gnu++20";
				CLANG_ENABLE_MODULES = YES;
				CLANG_ENABLE_OBJC_ARC = YES;
				CLANG_ENABLE_OBJC_WEAK = YES;
				CLANG_WARN_BLOCK_CAPTURE_AUTORELEASING = YES;
				CLANG_WARN_BOOL_CONVERSION = YES;
				CLANG_WARN_COMMA = YES;
				CLANG_WARN_CONSTANT_CONVERSION = YES;
				CLANG_WARN_DEPRECATED_OBJC_IMPLEMENTATIONS = YES;
				CLANG_WARN_DIRECT_OBJC_ISA_USAGE = YES_ERROR;
				CLANG_WARN_DOCUMENTATION_COMMENTS = YES;
				CLANG_WARN_EMPTY_BODY = YES;
				CLANG_WARN_ENUM_CONVERSION = YES;
				CLANG_WARN_INFINITE_RECURSION = YES;
				CLANG_WARN_INT_CONVERSION = YES;
				CLANG_WARN_NON_LITERAL_NULL_CONVERSION = YES;
				CLANG_WARN_OBJC_IMPLICIT_RETAIN_SELF = YES;
				CLANG_WARN_OBJC_LITERAL_CONVERSION = YES;
				CLANG_WARN_OBJC_ROOT_CLASS = YES_ERROR;
				CLANG_WARN_QUOTED_INCLUDE_IN_FRAMEWORK_HEADER = YES;
				CLANG_WARN_RANGE_LOOP_ANALYSIS = YES;
				CLANG_WARN_STRICT_PROTOTYPES = YES;
				CLANG_WARN_SUSPICIOUS_MOVE = YES;
				CLANG_WARN_UNGUARDED_AVAILABILITY = YES_AGGRESSIVE;
				CLANG_WARN_UNREACHABLE_CODE = YES;
				CLANG_WARN__DUPLICATE_METHOD_MATCH = YES;
				COPY_PHASE_STRIP = NO;
				DEBUG_INFORMATION_FORMAT = dwarf;
				ENABLE_STRICT_OBJC_MSGSEND = YES;
				ENABLE_TESTABILITY = YES;
				ENABLE_USER_SCRIPT_SANDBOXING = YES;
				GCC_C_LANGUAGE_STANDARD = gnu17;
				GCC_DYNAMIC_NO_PIC = NO;
				GCC_NO_COMMON_BLOCKS = YES;
				GCC_OPTIMIZATION_LEVEL = 0;
				GCC_PREPROCESSOR_DEFINITIONS = (
					"DEBUG=1",
					"$(inherited)",
				);
				GCC_WARN_64_TO_32_BIT_CONVERSION = YES;
				GCC_WARN_ABOUT_RETURN_TYPE = YES_ERROR;
				GCC_WARN_UNDECLARED_SELECTOR = YES;
				GCC_WARN_UNINITIALIZED_AUTOS = YES_AGGRESSIVE;
				GCC_WARN_UNUSED_FUNCTION = YES;
				GCC_WARN_UNUSED_VARIABLE = YES;
				IPHONEOS_DEPLOYMENT_TARGET = 17.2;
				LOCALIZATION_PREFERS_STRING_CATALOGS = YES;
				MTL_ENABLE_DEBUG_INFO = INCLUDE_SOURCE;
				MTL_FAST_MATH = YES;
				ONLY_ACTIVE_ARCH = YES;
				SDKROOT = iphoneos;
				SWIFT_ACTIVE_COMPILATION_CONDITIONS = "DEBUG $(inherited)";
				SWIFT_OPTIMIZATION_LEVEL = "-Onone";
			};
			name = Debug;
		};
		2FFE0E972C1F5C2700A6E6CD /* Release */ = {
			isa = XCBuildConfiguration;
			buildSettings = {
				ALWAYS_SEARCH_USER_PATHS = NO;
				ASSETCATALOG_COMPILER_GENERATE_SWIFT_ASSET_SYMBOL_EXTENSIONS = YES;
				CLANG_ANALYZER_NONNULL = YES;
				CLANG_ANALYZER_NUMBER_OBJECT_CONVERSION = YES_AGGRESSIVE;
				CLANG_CXX_LANGUAGE_STANDARD = "gnu++20";
				CLANG_ENABLE_MODULES = YES;
				CLANG_ENABLE_OBJC_ARC = YES;
				CLANG_ENABLE_OBJC_WEAK = YES;
				CLANG_WARN_BLOCK_CAPTURE_AUTORELEASING = YES;
				CLANG_WARN_BOOL_CONVERSION = YES;
				CLANG_WARN_COMMA = YES;
				CLANG_WARN_CONSTANT_CONVERSION = YES;
				CLANG_WARN_DEPRECATED_OBJC_IMPLEMENTATIONS = YES;
				CLANG_WARN_DIRECT_OBJC_ISA_USAGE = YES_ERROR;
				CLANG_WARN_DOCUMENTATION_COMMENTS = YES;
				CLANG_WARN_EMPTY_BODY = YES;
				CLANG_WARN_ENUM_CONVERSION = YES;
				CLANG_WARN_INFINITE_RECURSION = YES;
				CLANG_WARN_INT_CONVERSION = YES;
				CLANG_WARN_NON_LITERAL_NULL_CONVERSION = YES;
				CLANG_WARN_OBJC_IMPLICIT_RETAIN_SELF = YES;
				CLANG_WARN_OBJC_LITERAL_CONVERSION = YES;
				CLANG_WARN_OBJC_ROOT_CLASS = YES_ERROR;
				CLANG_WARN_QUOTED_INCLUDE_IN_FRAMEWORK_HEADER = YES;
				CLANG_WARN_RANGE_LOOP_ANALYSIS = YES;
				CLANG_WARN_STRICT_PROTOTYPES = YES;
				CLANG_WARN_SUSPICIOUS_MOVE = YES;
				CLANG_WARN_UNGUARDED_AVAILABILITY = YES_AGGRESSIVE;
				CLANG_WARN_UNREACHABLE_CODE = YES;
				CLANG_WARN__DUPLICATE_METHOD_MATCH = YES;
				COPY_PHASE_STRIP = NO;
				DEBUG_INFORMATION_FORMAT = "dwarf-with-dsym";
				ENABLE_NS_ASSERTIONS = NO;
				ENABLE_STRICT_OBJC_MSGSEND = YES;
				ENABLE_USER_SCRIPT_SANDBOXING = YES;
				GCC_C_LANGUAGE_STANDARD = gnu17;
				GCC_NO_COMMON_BLOCKS = YES;
				GCC_WARN_64_TO_32_BIT_CONVERSION = YES;
				GCC_WARN_ABOUT_RETURN_TYPE = YES_ERROR;
				GCC_WARN_UNDECLARED_SELECTOR = YES;
				GCC_WARN_UNINITIALIZED_AUTOS = YES_AGGRESSIVE;
				GCC_WARN_UNUSED_FUNCTION = YES;
				GCC_WARN_UNUSED_VARIABLE = YES;
				IPHONEOS_DEPLOYMENT_TARGET = 17.2;
				LOCALIZATION_PREFERS_STRING_CATALOGS = YES;
				MTL_ENABLE_DEBUG_INFO = NO;
				MTL_FAST_MATH = YES;
				SDKROOT = iphoneos;
				SWIFT_COMPILATION_MODE = wholemodule;
				VALIDATE_PRODUCT = YES;
			};
			name = Release;
		};
		2FFE0E992C1F5C2700A6E6CD /* Debug */ = {
			isa = XCBuildConfiguration;
			buildSettings = {
				ASSETCATALOG_COMPILER_APPICON_NAME = AppIcon;
				ASSETCATALOG_COMPILER_GLOBAL_ACCENT_COLOR_NAME = AccentColor;
				CODE_SIGN_STYLE = Automatic;
				CURRENT_PROJECT_VERSION = 1;
				DEVELOPMENT_ASSET_PATHS = "\"FitbodTakeHomeAssessment/Preview Content\"";
				DEVELOPMENT_TEAM = SUD83636UR;
				ENABLE_PREVIEWS = YES;
				GENERATE_INFOPLIST_FILE = YES;
				INFOPLIST_KEY_UIApplicationSceneManifest_Generation = YES;
				INFOPLIST_KEY_UIApplicationSupportsIndirectInputEvents = YES;
				INFOPLIST_KEY_UILaunchScreen_Generation = YES;
				INFOPLIST_KEY_UISupportedInterfaceOrientations_iPad = "UIInterfaceOrientationPortrait UIInterfaceOrientationPortraitUpsideDown UIInterfaceOrientationLandscapeLeft UIInterfaceOrientationLandscapeRight";
				INFOPLIST_KEY_UISupportedInterfaceOrientations_iPhone = "UIInterfaceOrientationPortrait UIInterfaceOrientationLandscapeLeft UIInterfaceOrientationLandscapeRight";
				LD_RUNPATH_SEARCH_PATHS = (
					"$(inherited)",
					"@executable_path/Frameworks",
				);
				MARKETING_VERSION = 1.0;
				PRODUCT_BUNDLE_IDENTIFIER = com.braydenharris.FitbodTakeHomeAssessment;
				PRODUCT_NAME = "$(TARGET_NAME)";
				SWIFT_EMIT_LOC_STRINGS = YES;
				SWIFT_VERSION = 5.0;
				TARGETED_DEVICE_FAMILY = "1,2";
			};
			name = Debug;
		};
		2FFE0E9A2C1F5C2700A6E6CD /* Release */ = {
			isa = XCBuildConfiguration;
			buildSettings = {
				ASSETCATALOG_COMPILER_APPICON_NAME = AppIcon;
				ASSETCATALOG_COMPILER_GLOBAL_ACCENT_COLOR_NAME = AccentColor;
				CODE_SIGN_STYLE = Automatic;
				CURRENT_PROJECT_VERSION = 1;
				DEVELOPMENT_ASSET_PATHS = "\"FitbodTakeHomeAssessment/Preview Content\"";
				DEVELOPMENT_TEAM = SUD83636UR;
				ENABLE_PREVIEWS = YES;
				GENERATE_INFOPLIST_FILE = YES;
				INFOPLIST_KEY_UIApplicationSceneManifest_Generation = YES;
				INFOPLIST_KEY_UIApplicationSupportsIndirectInputEvents = YES;
				INFOPLIST_KEY_UILaunchScreen_Generation = YES;
				INFOPLIST_KEY_UISupportedInterfaceOrientations_iPad = "UIInterfaceOrientationPortrait UIInterfaceOrientationPortraitUpsideDown UIInterfaceOrientationLandscapeLeft UIInterfaceOrientationLandscapeRight";
				INFOPLIST_KEY_UISupportedInterfaceOrientations_iPhone = "UIInterfaceOrientationPortrait UIInterfaceOrientationLandscapeLeft UIInterfaceOrientationLandscapeRight";
				LD_RUNPATH_SEARCH_PATHS = (
					"$(inherited)",
					"@executable_path/Frameworks",
				);
				MARKETING_VERSION = 1.0;
				PRODUCT_BUNDLE_IDENTIFIER = com.braydenharris.FitbodTakeHomeAssessment;
				PRODUCT_NAME = "$(TARGET_NAME)";
				SWIFT_EMIT_LOC_STRINGS = YES;
				SWIFT_VERSION = 5.0;
				TARGETED_DEVICE_FAMILY = "1,2";
			};
			name = Release;
		};
		2FFE0E9C2C1F5C2700A6E6CD /* Debug */ = {
			isa = XCBuildConfiguration;
			buildSettings = {
				ALWAYS_EMBED_SWIFT_STANDARD_LIBRARIES = YES;
				BUNDLE_LOADER = "$(TEST_HOST)";
				CODE_SIGN_STYLE = Automatic;
				CURRENT_PROJECT_VERSION = 1;
				DEVELOPMENT_TEAM = SUD83636UR;
				GENERATE_INFOPLIST_FILE = YES;
				IPHONEOS_DEPLOYMENT_TARGET = 17.2;
				MARKETING_VERSION = 1.0;
				PRODUCT_BUNDLE_IDENTIFIER = com.braydenharris.FitbodTakeHomeAssessmentTests;
				PRODUCT_NAME = "$(TARGET_NAME)";
				SWIFT_EMIT_LOC_STRINGS = NO;
				SWIFT_VERSION = 5.0;
				TARGETED_DEVICE_FAMILY = "1,2";
				TEST_HOST = "$(BUILT_PRODUCTS_DIR)/FitbodTakeHomeAssessment.app/$(BUNDLE_EXECUTABLE_FOLDER_PATH)/FitbodTakeHomeAssessment";
			};
			name = Debug;
		};
		2FFE0E9D2C1F5C2700A6E6CD /* Release */ = {
			isa = XCBuildConfiguration;
			buildSettings = {
				ALWAYS_EMBED_SWIFT_STANDARD_LIBRARIES = YES;
				BUNDLE_LOADER = "$(TEST_HOST)";
				CODE_SIGN_STYLE = Automatic;
				CURRENT_PROJECT_VERSION = 1;
				DEVELOPMENT_TEAM = SUD83636UR;
				GENERATE_INFOPLIST_FILE = YES;
				IPHONEOS_DEPLOYMENT_TARGET = 17.2;
				MARKETING_VERSION = 1.0;
				PRODUCT_BUNDLE_IDENTIFIER = com.braydenharris.FitbodTakeHomeAssessmentTests;
				PRODUCT_NAME = "$(TARGET_NAME)";
				SWIFT_EMIT_LOC_STRINGS = NO;
				SWIFT_VERSION = 5.0;
				TARGETED_DEVICE_FAMILY = "1,2";
				TEST_HOST = "$(BUILT_PRODUCTS_DIR)/FitbodTakeHomeAssessment.app/$(BUNDLE_EXECUTABLE_FOLDER_PATH)/FitbodTakeHomeAssessment";
			};
			name = Release;
		};
		2FFE0E9F2C1F5C2700A6E6CD /* Debug */ = {
			isa = XCBuildConfiguration;
			buildSettings = {
				ALWAYS_EMBED_SWIFT_STANDARD_LIBRARIES = YES;
				CODE_SIGN_STYLE = Automatic;
				CURRENT_PROJECT_VERSION = 1;
				DEVELOPMENT_TEAM = SUD83636UR;
				GENERATE_INFOPLIST_FILE = YES;
				MARKETING_VERSION = 1.0;
				PRODUCT_BUNDLE_IDENTIFIER = com.braydenharris.FitbodTakeHomeAssessmentUITests;
				PRODUCT_NAME = "$(TARGET_NAME)";
				SWIFT_EMIT_LOC_STRINGS = NO;
				SWIFT_VERSION = 5.0;
				TARGETED_DEVICE_FAMILY = "1,2";
				TEST_TARGET_NAME = FitbodTakeHomeAssessment;
			};
			name = Debug;
		};
		2FFE0EA02C1F5C2700A6E6CD /* Release */ = {
			isa = XCBuildConfiguration;
			buildSettings = {
				ALWAYS_EMBED_SWIFT_STANDARD_LIBRARIES = YES;
				CODE_SIGN_STYLE = Automatic;
				CURRENT_PROJECT_VERSION = 1;
				DEVELOPMENT_TEAM = SUD83636UR;
				GENERATE_INFOPLIST_FILE = YES;
				MARKETING_VERSION = 1.0;
				PRODUCT_BUNDLE_IDENTIFIER = com.braydenharris.FitbodTakeHomeAssessmentUITests;
				PRODUCT_NAME = "$(TARGET_NAME)";
				SWIFT_EMIT_LOC_STRINGS = NO;
				SWIFT_VERSION = 5.0;
				TARGETED_DEVICE_FAMILY = "1,2";
				TEST_TARGET_NAME = FitbodTakeHomeAssessment;
			};
			name = Release;
		};
/* End XCBuildConfiguration section */

/* Begin XCConfigurationList section */
		2FFE0E6F2C1F5C2500A6E6CD /* Build configuration list for PBXProject "FitbodTakeHomeAssessment" */ = {
			isa = XCConfigurationList;
			buildConfigurations = (
				2FFE0E962C1F5C2700A6E6CD /* Debug */,
				2FFE0E972C1F5C2700A6E6CD /* Release */,
			);
			defaultConfigurationIsVisible = 0;
			defaultConfigurationName = Release;
		};
		2FFE0E982C1F5C2700A6E6CD /* Build configuration list for PBXNativeTarget "FitbodTakeHomeAssessment" */ = {
			isa = XCConfigurationList;
			buildConfigurations = (
				2FFE0E992C1F5C2700A6E6CD /* Debug */,
				2FFE0E9A2C1F5C2700A6E6CD /* Release */,
			);
			defaultConfigurationIsVisible = 0;
			defaultConfigurationName = Release;
		};
		2FFE0E9B2C1F5C2700A6E6CD /* Build configuration list for PBXNativeTarget "FitbodTakeHomeAssessmentTests" */ = {
			isa = XCConfigurationList;
			buildConfigurations = (
				2FFE0E9C2C1F5C2700A6E6CD /* Debug */,
				2FFE0E9D2C1F5C2700A6E6CD /* Release */,
			);
			defaultConfigurationIsVisible = 0;
			defaultConfigurationName = Release;
		};
		2FFE0E9E2C1F5C2700A6E6CD /* Build configuration list for PBXNativeTarget "FitbodTakeHomeAssessmentUITests" */ = {
			isa = XCConfigurationList;
			buildConfigurations = (
				2FFE0E9F2C1F5C2700A6E6CD /* Debug */,
				2FFE0EA02C1F5C2700A6E6CD /* Release */,
			);
			defaultConfigurationIsVisible = 0;
			defaultConfigurationName = Release;
		};
/* End XCConfigurationList section */

/* Begin XCSwiftPackageProductDependency section */
		2FFE0EB02C1F6B3800A6E6CD /* Networking */ = {
			isa = XCSwiftPackageProductDependency;
			productName = Networking;
		};
		2FFE0EB32C1F817700A6E6CD /* ExerciseUI */ = {
			isa = XCSwiftPackageProductDependency;
			productName = ExerciseUI;
		};
/* End XCSwiftPackageProductDependency section */
	};
	rootObject = 2FFE0E6C2C1F5C2500A6E6CD /* Project object */;
}
